# THIS IS AN AUTOGENERATED FILE. DO NOT EDIT THIS FILE DIRECTLY.
# yarn lockfile v1


"@fortawesome/fontawesome-common-types@^0.2.35":
  version "0.2.35"
  resolved "https://npm.fontawesome.com/@fortawesome/fontawesome-common-types/-/0.2.35/fontawesome-common-types-0.2.35.tgz#01dd3d054da07a00b764d78748df20daf2b317e9"
  integrity sha512-IHUfxSEDS9dDGqYwIW7wTN6tn/O8E0n5PcAHz9cAaBoZw6UpG20IG/YM3NNLaGPwPqgjBAFjIURzqoQs3rrtuw==

"@fortawesome/fontawesome-common-types@^0.3.0-beta2":
  version "0.3.0-beta2"
  resolved "https://npm.fontawesome.com/@fortawesome/fontawesome-common-types/-/0.3.0-beta2/fontawesome-common-types-0.3.0-beta2.tgz#d50068077cca88c81695d3b6ae44161ddf85ab55"
  integrity sha512-YrWMMGRhJ/iEwlP86AuW/uYGIZSwbVrpLQzB2JiWIGMTPCBhWLvurdSgckPJl5ry1fUNzWH4QNtgTf5rpdhCgg==

"@fortawesome/fontawesome-pro@^6.0.0-beta2":
  version "6.0.0-beta2"
  resolved "https://npm.fontawesome.com/@fortawesome/fontawesome-pro/-/6.0.0-beta2/fontawesome-pro-6.0.0-beta2.tgz#f9a8d7409130816edabf9cc1288214d414c256f7"
  integrity sha512-YVlRQCtxuDkpg51gkjgOq/BCawwBh2nd6JsaKvbMhwNppmiWlZPjHkHhz+F2FKkJ80NTXqRPPSiqDy++x9mYPQ==

"@fortawesome/fontawesome-svg-core@^1.2.35":
  version "1.2.35"
  resolved "https://npm.fontawesome.com/@fortawesome/fontawesome-svg-core/-/1.2.35/fontawesome-svg-core-1.2.35.tgz#85aea8c25645fcec88d35f2eb1045c38d3e65cff"
  integrity sha512-uLEXifXIL7hnh2sNZQrIJWNol7cTVIzwI+4qcBIq9QWaZqUblm0IDrtSqbNg+3SQf8SMGHkiSigD++rHmCHjBg==
  dependencies:
    "@fortawesome/fontawesome-common-types" "^0.2.35"

"@fortawesome/free-brands-svg-icons@^6.0.0-beta2":
  version "6.0.0-beta2"
  resolved "https://npm.fontawesome.com/@fortawesome/free-brands-svg-icons/-/6.0.0-beta2/free-brands-svg-icons-6.0.0-beta2.tgz#48fa48e1bde4707fffc6c8a076f89c11441039fd"
  integrity sha512-KyGxpYYBmylX72VSLXPBbTL04TLXqEsb2RKLWuQjUxo1hVnG9kMTwGTVQzYY9a0xvpwzUKb39kRKNKgmbjXquA==
  dependencies:
    "@fortawesome/fontawesome-common-types" "^0.3.0-beta2"

"@fortawesome/free-solid-svg-icons@^6.0.0-beta2":
  version "6.0.0-beta2"
  resolved "https://npm.fontawesome.com/@fortawesome/free-solid-svg-icons/-/6.0.0-beta2/free-solid-svg-icons-6.0.0-beta2.tgz#096fe9c6ad1875fa37eb2bb99f12490480157cf6"
  integrity sha512-xOWg5eRLuaiLKctI9rt94llZhMRn8C23jTkSxywfy2Tyy3ggtVL/ocW7KUk0IbCgWfZSy+EMsGF2ZxxWs2Mhpw==
  dependencies:
    "@fortawesome/fontawesome-common-types" "^0.3.0-beta2"

"@fortawesome/pro-duotone-svg-icons@^6.0.0-beta2":
  version "6.0.0-beta2"
  resolved "https://npm.fontawesome.com/@fortawesome/pro-duotone-svg-icons/-/6.0.0-beta2/pro-duotone-svg-icons-6.0.0-beta2.tgz#adbd56498fea829122e3afc981bca119a2606d5b"
  integrity sha512-8Z3ro/svpur1A7MNIOUwPiwVdxwNfcnMJtOGGsc11KLpV/t4DrLQ4WJKL2tCfhQygGwl6/9JKTLntQynRSBUBQ==
  dependencies:
    "@fortawesome/fontawesome-common-types" "^0.3.0-beta2"

"@fortawesome/pro-light-svg-icons@^6.0.0-beta2":
  version "6.0.0-beta2"
  resolved "https://npm.fontawesome.com/@fortawesome/pro-light-svg-icons/-/6.0.0-beta2/pro-light-svg-icons-6.0.0-beta2.tgz#aeb6eb251a0189ceb99d7b392467a1ec389ebd39"
  integrity sha512-tXOb+puqWDQ06p6FPxiWlc1TnELI+e/mkH7YNAnCIYhOjwbc7YFOZiM7hsLDoAIfdHxc5+qbEpgGFZVwvJwkyw==
  dependencies:
    "@fortawesome/fontawesome-common-types" "^0.3.0-beta2"

"@fortawesome/pro-regular-svg-icons@^6.0.0-beta2":
  version "6.0.0-beta2"
  resolved "https://npm.fontawesome.com/@fortawesome/pro-regular-svg-icons/-/6.0.0-beta2/pro-regular-svg-icons-6.0.0-beta2.tgz#626b74e57ce8e2b317ef4a63189722ebe5e1e9ea"
  integrity sha512-tH75FUmSi95mBMr9JzlL5cFWm483BGTuUTi81VaF1Cs9RzpLI8uQfb3jLsQYSsrE580epf9khBnwKrU7w/FpiQ==
  dependencies:
    "@fortawesome/fontawesome-common-types" "^0.3.0-beta2"

"@fortawesome/pro-solid-svg-icons@^6.0.0-beta2":
  version "6.0.0-beta2"
  resolved "https://npm.fontawesome.com/@fortawesome/pro-solid-svg-icons/-/6.0.0-beta2/pro-solid-svg-icons-6.0.0-beta2.tgz#c19a03fc388183c4a74eb695d2f129defe180c06"
  integrity sha512-5slpbjZlrAGYx6r4ooEtLW4XXQe5+Mwb1V/tyEXxaATzrlKGbw1Z/a/oAxhKm/98icBJpiOYpOqVtkWpzyUmcg==
  dependencies:
    "@fortawesome/fontawesome-common-types" "^0.3.0-beta2"

"@fortawesome/pro-thin-svg-icons@^6.0.0-beta2":
  version "6.0.0-beta2"
  resolved "https://npm.fontawesome.com/@fortawesome/pro-thin-svg-icons/-/6.0.0-beta2/pro-thin-svg-icons-6.0.0-beta2.tgz#55f4fb94092e1112fcd15e6b20fcf2ff3966ceec"
  integrity sha512-8BLUZsGeRUZ1MmXQTEY9XJOv5mc4HWLP5//HSrB+ITwwc1dBFcym0s8E/uVgFczqfseChX53lE3G9MHrewNMWA==

"@popperjs/core@^2.8.3", "@popperjs/core@^2.9.2":
  version "2.9.2"
  resolved "https://registry.yarnpkg.com/@popperjs/core/-/core-2.9.2.tgz#adea7b6953cbb34651766b0548468e743c6a2353"
  integrity sha512-VZMYa7+fXHdwIq1TDhSXoVmSPEGM/aa+6Aiq3nVVJ9bXr24zScr+NlKFKC3iPljA7ho/GAZr+d2jOf5GIRC30Q==

"@rails/actiontext@^6.0.3-4":
  version "6.1.4"
  resolved "https://registry.yarnpkg.com/@rails/actiontext/-/actiontext-6.1.4.tgz#ed8c7d2b68d66205301f4538ce65d04c48031f6b"
  integrity sha512-KG+VCofmfZAhW1x1xFxMC2sZtvwbx+XX0Y+dzeBFjKU1jZMM0RNytJf5EiuHtD9fL71zz6/nMT7FjwOFenSA7Q==
  dependencies:
    "@rails/activestorage" "^6.0.0"

"@rails/activestorage@^6.0.0":
  version "6.1.4"
  resolved "https://registry.yarnpkg.com/@rails/activestorage/-/activestorage-6.1.4.tgz#7772f539cc846df5f4364fc57ccb48860f9e966e"
  integrity sha512-1Tm8uaVBhLTDEG4YaFPvqguhjbUGSPVItm0CfkRpIFZIkybWzFAxatIrk4YVOOxB8ZdXS7GdeYa1qVwjdiDkgQ==
  dependencies:
    spark-md5 "^3.0.0"

element-closest@^3.0.1:
  version "3.0.2"
  resolved "https://registry.yarnpkg.com/element-closest/-/element-closest-3.0.2.tgz#3814a69a84f30e48e63eaf57341f4dbf4227d2aa"
  integrity sha512-JxKQiJKX0Zr5Q2/bCaTx8P+UbfyMET1OQd61qu5xQFeWr1km3fGaxelSJtnfT27XQ5Uoztn2yIyeamAc/VX13g==

flag-icon-css@^3.5.0:
  version "3.5.0"
  resolved "https://registry.yarnpkg.com/flag-icon-css/-/flag-icon-css-3.5.0.tgz#430747d5cb91e60babf85494de99173c16dc7cf2"
  integrity sha512-pgJnJLrtb0tcDgU1fzGaQXmR8h++nXvILJ+r5SmOXaaL/2pocunQo2a8TAXhjQnBpRLPtZ1KCz/TYpqeNuE2ew==

intl-tel-input@^17.0.8:
  version "17.0.13"
  resolved "https://registry.yarnpkg.com/intl-tel-input/-/intl-tel-input-17.0.13.tgz#74a51db3b44f47ae8264df7d101a0810e53c77a6"
  integrity sha512-+jPgPKUcgbhSSRN0BZLJOdntTaMv8tqowLrVQ3CGCNGpMKb4B9PRyzOZQpwo1FeA+LTOzvErOlBhbCuQog7R3g==

leaflet@^1.7.1:
  version "1.7.1"
  resolved "https://registry.yarnpkg.com/leaflet/-/leaflet-1.7.1.tgz#10d684916edfe1bf41d688a3b97127c0322a2a19"
  integrity sha512-/xwPEBidtg69Q3HlqPdU3DnrXQOvQU/CCHA1tcDQVzOwm91YMYaILjNp7L4Eaw5Z4sOYdbBz6koWyibppd8Zqw==

lru-cache@^6.0.0:
  version "6.0.0"
  resolved "https://registry.yarnpkg.com/lru-cache/-/lru-cache-6.0.0.tgz#6d6fe6570ebd96aaf90fcad1dafa3b2566db3a94"
  integrity sha512-Jo6dJ04CmSjuznwJSS3pUeWmd/H0ffTlkXXgwZi+eq1UCmqQwCh+eLsYOYCwY991i2Fah4h1BEMCx4qThGbsiA==
  dependencies:
    yallist "^4.0.0"

mousetrap@^1.6.5:
  version "1.6.5"
  resolved "https://registry.yarnpkg.com/mousetrap/-/mousetrap-1.6.5.tgz#8a766d8c272b08393d5f56074e0b5ec183485bf9"
  integrity sha512-QNo4kEepaIBwiT8CDhP98umTetp+JNfQYBWvC1pc6/OAibuXtRcxZ58Qz8skvEHYvURne/7R8T5VoOI7rDsEUA==

semver@^7.3.4:
  version "7.3.5"
  resolved "https://registry.yarnpkg.com/semver/-/semver-7.3.5.tgz#0b621c879348d8998e4b0e4be94b3f12e6018ef7"
  integrity sha512-PoeGJYh8HK4BTO/a9Tf6ZG3veo/A7ZVsYrSA6J8ny9nb3B1VrpkuN+z9OE5wfE5p6H4LchYZsegiQgbJD94ZFQ==
  dependencies:
    lru-cache "^6.0.0"

sortablejs@^1.14.0:
  version "1.14.0"
  resolved "https://registry.yarnpkg.com/sortablejs/-/sortablejs-1.14.0.tgz#6d2e17ccbdb25f464734df621d4f35d4ab35b3d8"
  integrity sha512-pBXvQCs5/33fdN1/39pPL0NZF20LeRbLQ5jtnheIPN9JQAaufGjKdWduZn4U7wCtVuzKhmRkI0DFYHYRbB2H1w==

spark-md5@^3.0.0:
  version "3.0.1"
  resolved "https://registry.yarnpkg.com/spark-md5/-/spark-md5-3.0.1.tgz#83a0e255734f2ab4e5c466e5a2cfc9ba2aa2124d"
  integrity sha512-0tF3AGSD1ppQeuffsLDIOWlKUd3lS92tFxcsrh5Pe3ZphhnoK+oXIBTzOAThZCiuINZLvpiLH/1VS1/ANEJVig==

tippy.js@^6.3.1:
  version "6.3.1"
  resolved "https://registry.yarnpkg.com/tippy.js/-/tippy.js-6.3.1.tgz#3788a007be7015eee0fd589a66b98fb3f8f10181"
  integrity sha512-JnFncCq+rF1dTURupoJ4yPie5Cof978inW6/4S6kmWV7LL9YOSEVMifED3KdrVPEG+Z/TFH2CDNJcQEfaeuQww==
  dependencies:
    "@popperjs/core" "^2.8.3"

trix@^1.3.1:
  version "1.3.1"
  resolved "https://registry.yarnpkg.com/trix/-/trix-1.3.1.tgz#ccce8d9e72bf0fe70c8c019ff558c70266f8d857"
  integrity sha512-BbH6mb6gk+AV4f2as38mP6Ucc1LE3OD6XxkZnAgPIduWXYtvg2mI3cZhIZSLqmMh9OITEpOBCCk88IVmyjU7bA==

yallist@^4.0.0:
  version "4.0.0"
  resolved "https://registry.yarnpkg.com/yallist/-/yallist-4.0.0.tgz#9bb92790d9c0effec63be73519e11a35019a3a72"
  integrity sha512-3wdGidZyq5PB084XLES5TpOSRA3wjXAlIWMhum2kRcv/41Sn2emQ0dycQW4uZXLejwKvg6EsvbdlVL+FYEct7A==
